{
  "version": 4,
  "terraform_version": "1.14.7",
  "serial": 1,
  "lineage": "4c9e2e6d-0d94-d8d2-f9e6-aa50b92499e5",
  "outputs": {},
  "resources": [
    {
      "mode": "managed",
      "type": "aws_vpc",
      "name": "aws_virginiajmg",
      "provider": "provider[\"registry.terraform.io/hashicorp/aws\"]",
      "instances": [
        {
          "schema_version": 1,
          "attributes": {
            "arn": "arn:aws:ec2:us-east-1:359289023047:vpc/vpc-00609dbcd0b126f05",
            "assign_generated_ipv6_cidr_block": false,
            "cidr_block": "10.10.0.0/16",
            "default_network_acl_id": "acl-0be969309917361a4",
            "default_route_table_id": "rtb-03b7e9ffebf82f081",
            "default_security_group_id": "sg-0ca2711780d886944",
            "dhcp_options_id": "dopt-0924ba38a56045d8e",
            "enable_dns_hostnames": false,
            "enable_dns_support": true,
            "enable_network_address_usage_metrics": false,
            "id": "vpc-00609dbcd0b126f05",
            "instance_tenancy": "default",
            "ipv4_ipam_pool_id": null,
            "ipv4_netmask_length": null,
            "ipv6_association_id": "",
            "ipv6_cidr_block": "",
            "ipv6_cidr_block_network_border_group": "",
            "ipv6_ipam_pool_id": "",
            "ipv6_netmask_length": 0,
            "main_route_table_id": "rtb-03b7e9ffebf82f081",
            "owner_id": "359289023047",
            "region": "us-east-1",
            "tags": {
              "Name": "Virginiajmg"
            },
            "tags_all": {
              "Name": "Virginiajmg"
            }
          },
          "sensitive_attributes": [],
          "identity_schema_version": 0,
          "identity": {
            "account_id": "359289023047",
            "id": "vpc-00609dbcd0b126f05",
            "region": "us-east-1"
          },
          "private": "eyJzY2hlbWFfdmVyc2lvbiI6IjEifQ=="
        }
      ]
    }
  ],
  "check_results": null
}
